
Microsoft Visual Studio Solution File, Format Version 12.00
# Visual Studio Version 17
VisualStudioVersion = 17.13.35931.197 d17.13
MinimumVisualStudioVersion = 10.0.40219.1
Project("{FAE04EC0-301F-11D3-BF4B-00C04F79EFBC}") = "Ejercicio1a", "Ejercicio1\Ejercicio1a.csproj", "{762B4C8A-6129-46E7-B679-0B95F45FB602}"
EndProject
Project("{FAE04EC0-301F-11D3-BF4B-00C04F79EFBC}") = "Ejercicio1b", "Ejercicio1b\Ejercicio1b.csproj", "{12DA6EF4-A1E0-4760-ACDE-40882163D6BA}"
EndProject
Global
	GlobalSection(SolutionConfigurationPlatforms) = preSolution
		Debug|Any CPU = Debug|Any CPU
		Release|Any CPU = Release|Any CPU
	EndGlobalSection
	GlobalSection(ProjectConfigurationPlatforms) = postSolution
		{762B4C8A-6129-46E7-B679-0B95F45FB602}.Debug|Any CPU.ActiveCfg = Debug|Any CPU
		{762B4C8A-6129-46E7-B679-0B95F45FB602}.Debug|Any CPU.Build.0 = Debug|Any CPU
		{762B4C8A-6129-46E7-B679-0B95F45FB602}.Release|Any CPU.ActiveCfg = Release|Any CPU
		{762B4C8A-6129-46E7-B679-0B95F45FB602}.Release|Any CPU.Build.0 = Release|Any CPU
		{12DA6EF4-A1E0-4760-ACDE-40882163D6BA}.Debug|Any CPU.ActiveCfg = Debug|Any CPU
		{12DA6EF4-A1E0-4760-ACDE-40882163D6BA}.Debug|Any CPU.Build.0 = Debug|Any CPU
		{12DA6EF4-A1E0-4760-ACDE-40882163D6BA}.Release|Any CPU.ActiveCfg = Release|Any CPU
		{12DA6EF4-A1E0-4760-ACDE-40882163D6BA}.Release|Any CPU.Build.0 = Release|Any CPU
	EndGlobalSection
	GlobalSection(SolutionProperties) = preSolution
		HideSolutionNode = FALSE
	EndGlobalSection
	GlobalSection(ExtensibilityGlobals) = postSolution
		SolutionGuid = {D9770D88-1B9E-44D1-8D70-D3FD6CCAF38F}
	EndGlobalSection
EndGlobal
